// !$*UTF8*$!
{
	archiveVersion = 1;
	classes = {
	};
	objectVersion = 46;
	objects = {

/* Begin PBXBuildFile section */
		F422D9C71CB3111400576C5A /* Helpers.swift in Sources */ = {isa = PBXBuildFile; fileRef = F422D9B71CB3111400576C5A /* Helpers.swift */; };
		F422D9DC1CB3114C00576C5A /* ComposedTableViewMapping.swift in Sources */ = {isa = PBXBuildFile; fileRef = F422D9D21CB3114C00576C5A /* ComposedTableViewMapping.swift */; };
		F422D9DE1CB3114C00576C5A /* ComposedTableViewMappingWrapper.h in Headers */ = {isa = PBXBuildFile; fileRef = F422D9D41CB3114C00576C5A /* ComposedTableViewMappingWrapper.h */; };
		F422D9DF1CB3114C00576C5A /* ComposedTableViewMappingWrapper.m in Sources */ = {isa = PBXBuildFile; fileRef = F422D9D51CB3114C00576C5A /* ComposedTableViewMappingWrapper.m */; };
		F422D9E01CB3114C00576C5A /* ComposedTableViewWrapper.swift in Sources */ = {isa = PBXBuildFile; fileRef = F422D9D61CB3114C00576C5A /* ComposedTableViewWrapper.swift */; };
		F422D9E11CB3114C00576C5A /* TableViewComposedDataSource.swift in Sources */ = {isa = PBXBuildFile; fileRef = F422D9D81CB3114C00576C5A /* TableViewComposedDataSource.swift */; };
		F422D9E31CB3114C00576C5A /* TableViewDataSource.swift in Sources */ = {isa = PBXBuildFile; fileRef = F422D9DA1CB3114C00576C5A /* TableViewDataSource.swift */; };
		F422D9E41CB3114C00576C5A /* TableViewUpdate.swift in Sources */ = {isa = PBXBuildFile; fileRef = F422D9DB1CB3114C00576C5A /* TableViewUpdate.swift */; };
		F422D9E61CB311BB00576C5A /* DataSource-Bridging-Header.h in Headers */ = {isa = PBXBuildFile; fileRef = F422D9E51CB311BB00576C5A /* DataSource-Bridging-Header.h */; };
		F4467D071B63C6A400CDBA9C /* DataSource.framework in Frameworks */ = {isa = PBXBuildFile; fileRef = F4467CFC1B63C6A400CDBA9C /* DataSource.framework */; };
		F470936A1D46001D00BE7525 /* TestHelpers.swift in Sources */ = {isa = PBXBuildFile; fileRef = F47093621D46001D00BE7525 /* TestHelpers.swift */; };
		F470936B1D46001D00BE7525 /* Events.plist in Resources */ = {isa = PBXBuildFile; fileRef = F47093641D46001D00BE7525 /* Events.plist */; };
		F470936C1D46001D00BE7525 /* Shops.plist in Resources */ = {isa = PBXBuildFile; fileRef = F47093651D46001D00BE7525 /* Shops.plist */; };
		F470936D1D46001D00BE7525 /* ContentLoadingTests.swift in Sources */ = {isa = PBXBuildFile; fileRef = F47093671D46001D00BE7525 /* ContentLoadingTests.swift */; };
		F470936E1D46001D00BE7525 /* DataSourceTests.swift in Sources */ = {isa = PBXBuildFile; fileRef = F47093681D46001D00BE7525 /* DataSourceTests.swift */; };
		F470936F1D46001D00BE7525 /* TableViewDataSourceTests.swift in Sources */ = {isa = PBXBuildFile; fileRef = F47093691D46001D00BE7525 /* TableViewDataSourceTests.swift */; };
		F47093711D46002800BE7525 /* ContentLoadingStateMachineTests.swift in Sources */ = {isa = PBXBuildFile; fileRef = F47093701D46002800BE7525 /* ContentLoadingStateMachineTests.swift */; };
		F47D43A41D4F96F20064885E /* IndexPathIndexable.swift in Sources */ = {isa = PBXBuildFile; fileRef = F47D43A31D4F96F20064885E /* IndexPathIndexable.swift */; };
		F4B416F71D3E1F67005E8BFC /* MemoryWarningHandling.swift in Sources */ = {isa = PBXBuildFile; fileRef = F4B416F61D3E1F67005E8BFC /* MemoryWarningHandling.swift */; };
		F4B416FB1D3E5D4A005E8BFC /* TableViewDataSourceType.swift in Sources */ = {isa = PBXBuildFile; fileRef = F4B416FA1D3E5D4A005E8BFC /* TableViewDataSourceType.swift */; };
		F4CD276F1D49FC1B00C24E04 /* ContentLoading.swift in Sources */ = {isa = PBXBuildFile; fileRef = F4CD27681D49FC1B00C24E04 /* ContentLoading.swift */; };
		F4CD27721D49FC1B00C24E04 /* ComposedDataSourceType.swift in Sources */ = {isa = PBXBuildFile; fileRef = F4CD276C1D49FC1B00C24E04 /* ComposedDataSourceType.swift */; };
		F4CD27731D49FC1B00C24E04 /* DataSourceType.swift in Sources */ = {isa = PBXBuildFile; fileRef = F4CD276D1D49FC1B00C24E04 /* DataSourceType.swift */; };
		F4CD277C1D4A000300C24E04 /* Update.swift in Sources */ = {isa = PBXBuildFile; fileRef = F4CD277B1D4A000300C24E04 /* Update.swift */; };
		F4CD277E1D4A005100C24E04 /* UpdateObserver.swift in Sources */ = {isa = PBXBuildFile; fileRef = F4CD277D1D4A005100C24E04 /* UpdateObserver.swift */; };
		F4CD27801D4A00F200C24E04 /* ContentLoadingObserver.swift in Sources */ = {isa = PBXBuildFile; fileRef = F4CD277F1D4A00F200C24E04 /* ContentLoadingObserver.swift */; };
		F4CD27831D4A450300C24E04 /* ContentLoadingController.swift in Sources */ = {isa = PBXBuildFile; fileRef = F4CD27811D4A450300C24E04 /* ContentLoadingController.swift */; };
		F4CD27841D4A450300C24E04 /* ContentLoadingStateMachine.swift in Sources */ = {isa = PBXBuildFile; fileRef = F4CD27821D4A450300C24E04 /* ContentLoadingStateMachine.swift */; };
		F4CD27B51D4B42BA00C24E04 /* TableViewReusableViewsRegistering.swift in Sources */ = {isa = PBXBuildFile; fileRef = F4CD27B41D4B42BA00C24E04 /* TableViewReusableViewsRegistering.swift */; };
/* End PBXBuildFile section */

/* Begin PBXContainerItemProxy section */
		F4467D081B63C6A400CDBA9C /* PBXContainerItemProxy */ = {
			isa = PBXContainerItemProxy;
			containerPortal = F4467CF31B63C6A400CDBA9C /* Project object */;
			proxyType = 1;
			remoteGlobalIDString = F4467CFB1B63C6A400CDBA9C;
			remoteInfo = DataSource;
		};
/* End PBXContainerItemProxy section */

/* Begin PBXFileReference section */
		F40C9C8C1D48A2BD00457C1E /* StaticCellsPlayground.playground */ = {isa = PBXFileReference; lastKnownFileType = file.playground; path = StaticCellsPlayground.playground; sourceTree = "<group>"; };
		F422D9B71CB3111400576C5A /* Helpers.swift */ = {isa = PBXFileReference; fileEncoding = 4; lastKnownFileType = sourcecode.swift; path = Helpers.swift; sourceTree = "<group>"; };
		F422D9D21CB3114C00576C5A /* ComposedTableViewMapping.swift */ = {isa = PBXFileReference; fileEncoding = 4; lastKnownFileType = sourcecode.swift; path = ComposedTableViewMapping.swift; sourceTree = "<group>"; };
		F422D9D41CB3114C00576C5A /* ComposedTableViewMappingWrapper.h */ = {isa = PBXFileReference; fileEncoding = 4; lastKnownFileType = sourcecode.c.h; path = ComposedTableViewMappingWrapper.h; sourceTree = "<group>"; };
		F422D9D51CB3114C00576C5A /* ComposedTableViewMappingWrapper.m */ = {isa = PBXFileReference; fileEncoding = 4; lastKnownFileType = sourcecode.c.objc; path = ComposedTableViewMappingWrapper.m; sourceTree = "<group>"; };
		F422D9D61CB3114C00576C5A /* ComposedTableViewWrapper.swift */ = {isa = PBXFileReference; fileEncoding = 4; lastKnownFileType = sourcecode.swift; path = ComposedTableViewWrapper.swift; sourceTree = "<group>"; };
		F422D9D81CB3114C00576C5A /* TableViewComposedDataSource.swift */ = {isa = PBXFileReference; fileEncoding = 4; lastKnownFileType = sourcecode.swift; path = TableViewComposedDataSource.swift; sourceTree = "<group>"; };
		F422D9DA1CB3114C00576C5A /* TableViewDataSource.swift */ = {isa = PBXFileReference; fileEncoding = 4; lastKnownFileType = sourcecode.swift; path = TableViewDataSource.swift; sourceTree = "<group>"; };
		F422D9DB1CB3114C00576C5A /* TableViewUpdate.swift */ = {isa = PBXFileReference; fileEncoding = 4; lastKnownFileType = sourcecode.swift; path = TableViewUpdate.swift; sourceTree = "<group>"; };
		F422D9E51CB311BB00576C5A /* DataSource-Bridging-Header.h */ = {isa = PBXFileReference; fileEncoding = 4; lastKnownFileType = sourcecode.c.h; path = "DataSource-Bridging-Header.h"; sourceTree = "<group>"; };
		F440A1C31D4DEA3700534A3C /* SimpleExample.playground */ = {isa = PBXFileReference; lastKnownFileType = file.playground; path = SimpleExample.playground; sourceTree = "<group>"; };
		F440A1C41D4DEEAC00534A3C /* SimpleContentLoadingExample.playground */ = {isa = PBXFileReference; lastKnownFileType = file.playground; path = SimpleContentLoadingExample.playground; sourceTree = "<group>"; };
		F440A1C51D4E21E600534A3C /* SimpleCompositionExample.playground */ = {isa = PBXFileReference; lastKnownFileType = file.playground; path = SimpleCompositionExample.playground; sourceTree = "<group>"; };
		F4467CFC1B63C6A400CDBA9C /* DataSource.framework */ = {isa = PBXFileReference; explicitFileType = wrapper.framework; includeInIndex = 0; path = DataSource.framework; sourceTree = BUILT_PRODUCTS_DIR; };
		F4467D011B63C6A400CDBA9C /* Info.plist */ = {isa = PBXFileReference; lastKnownFileType = text.plist.xml; path = Info.plist; sourceTree = "<group>"; };
		F4467D061B63C6A400CDBA9C /* DataSourceTests.xctest */ = {isa = PBXFileReference; explicitFileType = wrapper.cfbundle; includeInIndex = 0; path = DataSourceTests.xctest; sourceTree = BUILT_PRODUCTS_DIR; };
		F4467D0D1B63C6A400CDBA9C /* Info.plist */ = {isa = PBXFileReference; lastKnownFileType = text.plist.xml; path = Info.plist; sourceTree = "<group>"; };
		F47093621D46001D00BE7525 /* TestHelpers.swift */ = {isa = PBXFileReference; fileEncoding = 4; lastKnownFileType = sourcecode.swift; path = TestHelpers.swift; sourceTree = "<group>"; };
		F47093641D46001D00BE7525 /* Events.plist */ = {isa = PBXFileReference; fileEncoding = 4; lastKnownFileType = text.plist.xml; path = Events.plist; sourceTree = "<group>"; };
		F47093651D46001D00BE7525 /* Shops.plist */ = {isa = PBXFileReference; fileEncoding = 4; lastKnownFileType = text.plist.xml; path = Shops.plist; sourceTree = "<group>"; };
		F47093671D46001D00BE7525 /* ContentLoadingTests.swift */ = {isa = PBXFileReference; fileEncoding = 4; lastKnownFileType = sourcecode.swift; path = ContentLoadingTests.swift; sourceTree = "<group>"; };
		F47093681D46001D00BE7525 /* DataSourceTests.swift */ = {isa = PBXFileReference; fileEncoding = 4; lastKnownFileType = sourcecode.swift; path = DataSourceTests.swift; sourceTree = "<group>"; };
		F47093691D46001D00BE7525 /* TableViewDataSourceTests.swift */ = {isa = PBXFileReference; fileEncoding = 4; lastKnownFileType = sourcecode.swift; path = TableViewDataSourceTests.swift; sourceTree = "<group>"; };
		F47093701D46002800BE7525 /* ContentLoadingStateMachineTests.swift */ = {isa = PBXFileReference; fileEncoding = 4; lastKnownFileType = sourcecode.swift; path = ContentLoadingStateMachineTests.swift; sourceTree = "<group>"; };
		F47D43A21D4F93B30064885E /* Various.playground */ = {isa = PBXFileReference; lastKnownFileType = file.playground; path = Various.playground; sourceTree = "<group>"; };
		F47D43A31D4F96F20064885E /* IndexPathIndexable.swift */ = {isa = PBXFileReference; fileEncoding = 4; lastKnownFileType = sourcecode.swift; path = IndexPathIndexable.swift; sourceTree = "<group>"; };
		F4B416F61D3E1F67005E8BFC /* MemoryWarningHandling.swift */ = {isa = PBXFileReference; fileEncoding = 4; lastKnownFileType = sourcecode.swift; path = MemoryWarningHandling.swift; sourceTree = "<group>"; };
		F4B416FA1D3E5D4A005E8BFC /* TableViewDataSourceType.swift */ = {isa = PBXFileReference; fileEncoding = 4; lastKnownFileType = sourcecode.swift; path = TableViewDataSourceType.swift; sourceTree = "<group>"; };
		F4CD27681D49FC1B00C24E04 /* ContentLoading.swift */ = {isa = PBXFileReference; fileEncoding = 4; lastKnownFileType = sourcecode.swift; path = ContentLoading.swift; sourceTree = "<group>"; };
		F4CD276C1D49FC1B00C24E04 /* ComposedDataSourceType.swift */ = {isa = PBXFileReference; fileEncoding = 4; lastKnownFileType = sourcecode.swift; path = ComposedDataSourceType.swift; sourceTree = "<group>"; };
		F4CD276D1D49FC1B00C24E04 /* DataSourceType.swift */ = {isa = PBXFileReference; fileEncoding = 4; lastKnownFileType = sourcecode.swift; path = DataSourceType.swift; sourceTree = "<group>"; };
		F4CD277B1D4A000300C24E04 /* Update.swift */ = {isa = PBXFileReference; fileEncoding = 4; lastKnownFileType = sourcecode.swift; path = Update.swift; sourceTree = "<group>"; };
		F4CD277D1D4A005100C24E04 /* UpdateObserver.swift */ = {isa = PBXFileReference; fileEncoding = 4; lastKnownFileType = sourcecode.swift; path = UpdateObserver.swift; sourceTree = "<group>"; };
		F4CD277F1D4A00F200C24E04 /* ContentLoadingObserver.swift */ = {isa = PBXFileReference; fileEncoding = 4; lastKnownFileType = sourcecode.swift; path = ContentLoadingObserver.swift; sourceTree = "<group>"; };
		F4CD27811D4A450300C24E04 /* ContentLoadingController.swift */ = {isa = PBXFileReference; fileEncoding = 4; lastKnownFileType = sourcecode.swift; path = ContentLoadingController.swift; sourceTree = "<group>"; };
		F4CD27821D4A450300C24E04 /* ContentLoadingStateMachine.swift */ = {isa = PBXFileReference; fileEncoding = 4; lastKnownFileType = sourcecode.swift; path = ContentLoadingStateMachine.swift; sourceTree = "<group>"; };
		F4CD27B41D4B42BA00C24E04 /* TableViewReusableViewsRegistering.swift */ = {isa = PBXFileReference; fileEncoding = 4; lastKnownFileType = sourcecode.swift; path = TableViewReusableViewsRegistering.swift; sourceTree = "<group>"; };
		F4CD27B61D4B4B9200C24E04 /* AmsterdamPlayground.playground */ = {isa = PBXFileReference; lastKnownFileType = file.playground; path = AmsterdamPlayground.playground; sourceTree = "<group>"; };
/* End PBXFileReference section */

/* Begin PBXFrameworksBuildPhase section */
		F4467CF81B63C6A400CDBA9C /* Frameworks */ = {
			isa = PBXFrameworksBuildPhase;
			buildActionMask = 2147483647;
			files = (
			);
			runOnlyForDeploymentPostprocessing = 0;
		};
		F4467D031B63C6A400CDBA9C /* Frameworks */ = {
			isa = PBXFrameworksBuildPhase;
			buildActionMask = 2147483647;
			files = (
				F4467D071B63C6A400CDBA9C /* DataSource.framework in Frameworks */,
			);
			runOnlyForDeploymentPostprocessing = 0;
		};
/* End PBXFrameworksBuildPhase section */

/* Begin PBXGroup section */
		F40C9C8B1D48A2A600457C1E /* Playgrounds */ = {
			isa = PBXGroup;
			children = (
				F440A1C31D4DEA3700534A3C /* SimpleExample.playground */,
				F440A1C41D4DEEAC00534A3C /* SimpleContentLoadingExample.playground */,
				F440A1C51D4E21E600534A3C /* SimpleCompositionExample.playground */,
				F40C9C8C1D48A2BD00457C1E /* StaticCellsPlayground.playground */,
				F4CD27B61D4B4B9200C24E04 /* AmsterdamPlayground.playground */,
				F47D43A21D4F93B30064885E /* Various.playground */,
			);
			path = Playgrounds;
			sourceTree = "<group>";
		};
		F422D9B61CB3111400576C5A /* Common */ = {
			isa = PBXGroup;
			children = (
				F422D9B71CB3111400576C5A /* Helpers.swift */,
				F4B416F61D3E1F67005E8BFC /* MemoryWarningHandling.swift */,
				F47D43A31D4F96F20064885E /* IndexPathIndexable.swift */,
			);
			path = Common;
			sourceTree = "<group>";
		};
		F422D9B81CB3111400576C5A /* TableView */ = {
			isa = PBXGroup;
			children = (
				F422D9D71CB3114C00576C5A /* Public */,
				F422D9D11CB3114C00576C5A /* Private */,
			);
			path = TableView;
			sourceTree = "<group>";
		};
		F422D9D11CB3114C00576C5A /* Private */ = {
			isa = PBXGroup;
			children = (
				F422D9D21CB3114C00576C5A /* ComposedTableViewMapping.swift */,
				F422D9D41CB3114C00576C5A /* ComposedTableViewMappingWrapper.h */,
				F422D9D51CB3114C00576C5A /* ComposedTableViewMappingWrapper.m */,
				F422D9D61CB3114C00576C5A /* ComposedTableViewWrapper.swift */,
			);
			path = Private;
			sourceTree = "<group>";
		};
		F422D9D71CB3114C00576C5A /* Public */ = {
			isa = PBXGroup;
			children = (
				F422D9D81CB3114C00576C5A /* TableViewComposedDataSource.swift */,
				F422D9DA1CB3114C00576C5A /* TableViewDataSource.swift */,
				F4B416FA1D3E5D4A005E8BFC /* TableViewDataSourceType.swift */,
				F422D9DB1CB3114C00576C5A /* TableViewUpdate.swift */,
				F4CD27B41D4B42BA00C24E04 /* TableViewReusableViewsRegistering.swift */,
			);
			path = Public;
			sourceTree = "<group>";
		};
		F4467CF21B63C6A400CDBA9C = {
			isa = PBXGroup;
			children = (
				F4467CFE1B63C6A400CDBA9C /* DataSource */,
				F4467D0A1B63C6A400CDBA9C /* DataSourceTests */,
				F40C9C8B1D48A2A600457C1E /* Playgrounds */,
				F4467CFD1B63C6A400CDBA9C /* Products */,
			);
			sourceTree = "<group>";
		};
		F4467CFD1B63C6A400CDBA9C /* Products */ = {
			isa = PBXGroup;
			children = (
				F4467CFC1B63C6A400CDBA9C /* DataSource.framework */,
				F4467D061B63C6A400CDBA9C /* DataSourceTests.xctest */,
			);
			name = Products;
			sourceTree = "<group>";
		};
		F4467CFE1B63C6A400CDBA9C /* DataSource */ = {
			isa = PBXGroup;
			children = (
				F4CD276B1D49FC1B00C24E04 /* Core */,
				F4CD27671D49FC1B00C24E04 /* ContentLoading */,
				F422D9B61CB3111400576C5A /* Common */,
				F422D9B81CB3111400576C5A /* TableView */,
				F4467D2E1B63C71A00CDBA9C /* Supporting Files */,
			);
			path = DataSource;
			sourceTree = "<group>";
		};
		F4467D0A1B63C6A400CDBA9C /* DataSourceTests */ = {
			isa = PBXGroup;
			children = (
				F47093611D46001D00BE7525 /* Common */,
				F47093631D46001D00BE7525 /* Resources */,
				F47093661D46001D00BE7525 /* Tests */,
				F4467D0D1B63C6A400CDBA9C /* Info.plist */,
			);
			path = DataSourceTests;
			sourceTree = "<group>";
		};
		F4467D2E1B63C71A00CDBA9C /* Supporting Files */ = {
			isa = PBXGroup;
			children = (
				F422D9E51CB311BB00576C5A /* DataSource-Bridging-Header.h */,
				F4467D011B63C6A400CDBA9C /* Info.plist */,
			);
			name = "Supporting Files";
			sourceTree = "<group>";
		};
		F47093611D46001D00BE7525 /* Common */ = {
			isa = PBXGroup;
			children = (
				F47093621D46001D00BE7525 /* TestHelpers.swift */,
			);
			path = Common;
			sourceTree = "<group>";
		};
		F47093631D46001D00BE7525 /* Resources */ = {
			isa = PBXGroup;
			children = (
				F47093641D46001D00BE7525 /* Events.plist */,
				F47093651D46001D00BE7525 /* Shops.plist */,
			);
			path = Resources;
			sourceTree = "<group>";
		};
		F47093661D46001D00BE7525 /* Tests */ = {
			isa = PBXGroup;
			children = (
				F47093671D46001D00BE7525 /* ContentLoadingTests.swift */,
				F47093681D46001D00BE7525 /* DataSourceTests.swift */,
				F47093691D46001D00BE7525 /* TableViewDataSourceTests.swift */,
				F47093701D46002800BE7525 /* ContentLoadingStateMachineTests.swift */,
			);
			path = Tests;
			sourceTree = "<group>";
		};
		F4CD27671D49FC1B00C24E04 /* ContentLoading */ = {
			isa = PBXGroup;
			children = (
				F4CD27681D49FC1B00C24E04 /* ContentLoading.swift */,
				F4CD27811D4A450300C24E04 /* ContentLoadingController.swift */,
				F4CD277F1D4A00F200C24E04 /* ContentLoadingObserver.swift */,
				F4CD27821D4A450300C24E04 /* ContentLoadingStateMachine.swift */,
			);
			path = ContentLoading;
			sourceTree = "<group>";
		};
		F4CD276B1D49FC1B00C24E04 /* Core */ = {
			isa = PBXGroup;
			children = (
				F4CD277A1D49FFF200C24E04 /* Update */,
				F4CD276D1D49FC1B00C24E04 /* DataSourceType.swift */,
				F4CD276C1D49FC1B00C24E04 /* ComposedDataSourceType.swift */,
			);
			path = Core;
			sourceTree = "<group>";
		};
		F4CD277A1D49FFF200C24E04 /* Update */ = {
			isa = PBXGroup;
			children = (
				F4CD277B1D4A000300C24E04 /* Update.swift */,
				F4CD277D1D4A005100C24E04 /* UpdateObserver.swift */,
			);
			path = Update;
			sourceTree = "<group>";
		};
/* End PBXGroup section */

/* Begin PBXHeadersBuildPhase section */
		F4467CF91B63C6A400CDBA9C /* Headers */ = {
			isa = PBXHeadersBuildPhase;
			buildActionMask = 2147483647;
			files = (
				F422D9E61CB311BB00576C5A /* DataSource-Bridging-Header.h in Headers */,
				F422D9DE1CB3114C00576C5A /* ComposedTableViewMappingWrapper.h in Headers */,
			);
			runOnlyForDeploymentPostprocessing = 0;
		};
/* End PBXHeadersBuildPhase section */

/* Begin PBXNativeTarget section */
		F4467CFB1B63C6A400CDBA9C /* DataSource */ = {
			isa = PBXNativeTarget;
			buildConfigurationList = F4467D101B63C6A400CDBA9C /* Build configuration list for PBXNativeTarget "DataSource" */;
			buildPhases = (
				F4467CF71B63C6A400CDBA9C /* Sources */,
				F4467CF81B63C6A400CDBA9C /* Frameworks */,
				F4467CF91B63C6A400CDBA9C /* Headers */,
				F4467CFA1B63C6A400CDBA9C /* Resources */,
			);
			buildRules = (
			);
			dependencies = (
			);
			name = DataSource;
			productName = DataSource;
			productReference = F4467CFC1B63C6A400CDBA9C /* DataSource.framework */;
			productType = "com.apple.product-type.framework";
		};
		F4467D051B63C6A400CDBA9C /* DataSourceTests */ = {
			isa = PBXNativeTarget;
			buildConfigurationList = F4467D131B63C6A400CDBA9C /* Build configuration list for PBXNativeTarget "DataSourceTests" */;
			buildPhases = (
				F4467D021B63C6A400CDBA9C /* Sources */,
				F4467D031B63C6A400CDBA9C /* Frameworks */,
				F4467D041B63C6A400CDBA9C /* Resources */,
			);
			buildRules = (
			);
			dependencies = (
				F4467D091B63C6A400CDBA9C /* PBXTargetDependency */,
			);
			name = DataSourceTests;
			productName = DataSourceTests;
			productReference = F4467D061B63C6A400CDBA9C /* DataSourceTests.xctest */;
			productType = "com.apple.product-type.bundle.unit-test";
		};
/* End PBXNativeTarget section */

/* Begin PBXProject section */
		F4467CF31B63C6A400CDBA9C /* Project object */ = {
			isa = PBXProject;
			attributes = {
				LastSwiftUpdateCheck = 0700;
				LastUpgradeCheck = 0800;
				ORGANIZATIONNAME = "Dmytro Anokhin";
				TargetAttributes = {
					F4467CFB1B63C6A400CDBA9C = {
						CreatedOnToolsVersion = 7.0;
						DevelopmentTeam = UEQ8YHF529;
						LastSwiftMigration = 0800;
					};
					F4467D051B63C6A400CDBA9C = {
						CreatedOnToolsVersion = 7.0;
						LastSwiftMigration = 0800;
					};
				};
			};
			buildConfigurationList = F4467CF61B63C6A400CDBA9C /* Build configuration list for PBXProject "DataSource" */;
			compatibilityVersion = "Xcode 3.2";
			developmentRegion = English;
			hasScannedForEncodings = 0;
			knownRegions = (
				en,
			);
			mainGroup = F4467CF21B63C6A400CDBA9C;
			productRefGroup = F4467CFD1B63C6A400CDBA9C /* Products */;
			projectDirPath = "";
			projectRoot = "";
			targets = (
				F4467CFB1B63C6A400CDBA9C /* DataSource */,
				F4467D051B63C6A400CDBA9C /* DataSourceTests */,
			);
		};
/* End PBXProject section */

/* Begin PBXResourcesBuildPhase section */
		F4467CFA1B63C6A400CDBA9C /* Resources */ = {
			isa = PBXResourcesBuildPhase;
			buildActionMask = 2147483647;
			files = (
			);
			runOnlyForDeploymentPostprocessing = 0;
		};
		F4467D041B63C6A400CDBA9C /* Resources */ = {
			isa = PBXResourcesBuildPhase;
			buildActionMask = 2147483647;
			files = (
				F470936C1D46001D00BE7525 /* Shops.plist in Resources */,
				F470936B1D46001D00BE7525 /* Events.plist in Resources */,
			);
			runOnlyForDeploymentPostprocessing = 0;
		};
/* End PBXResourcesBuildPhase section */

/* Begin PBXSourcesBuildPhase section */
		F4467CF71B63C6A400CDBA9C /* Sources */ = {
			isa = PBXSourcesBuildPhase;
			buildActionMask = 2147483647;
			files = (
				F422D9E11CB3114C00576C5A /* TableViewComposedDataSource.swift in Sources */,
				F422D9E41CB3114C00576C5A /* TableViewUpdate.swift in Sources */,
				F4CD27831D4A450300C24E04 /* ContentLoadingController.swift in Sources */,
				F422D9DF1CB3114C00576C5A /* ComposedTableViewMappingWrapper.m in Sources */,
				F47D43A41D4F96F20064885E /* IndexPathIndexable.swift in Sources */,
				F422D9E01CB3114C00576C5A /* ComposedTableViewWrapper.swift in Sources */,
				F4CD277E1D4A005100C24E04 /* UpdateObserver.swift in Sources */,
				F4CD27B51D4B42BA00C24E04 /* TableViewReusableViewsRegistering.swift in Sources */,
				F4B416FB1D3E5D4A005E8BFC /* TableViewDataSourceType.swift in Sources */,
				F4CD27721D49FC1B00C24E04 /* ComposedDataSourceType.swift in Sources */,
				F422D9E31CB3114C00576C5A /* TableViewDataSource.swift in Sources */,
				F4CD27731D49FC1B00C24E04 /* DataSourceType.swift in Sources */,
				F422D9DC1CB3114C00576C5A /* ComposedTableViewMapping.swift in Sources */,
				F4CD276F1D49FC1B00C24E04 /* ContentLoading.swift in Sources */,
				F4CD27841D4A450300C24E04 /* ContentLoadingStateMachine.swift in Sources */,
				F4CD27801D4A00F200C24E04 /* ContentLoadingObserver.swift in Sources */,
				F4CD277C1D4A000300C24E04 /* Update.swift in Sources */,
				F4B416F71D3E1F67005E8BFC /* MemoryWarningHandling.swift in Sources */,
				F422D9C71CB3111400576C5A /* Helpers.swift in Sources */,
			);
			runOnlyForDeploymentPostprocessing = 0;
		};
		F4467D021B63C6A400CDBA9C /* Sources */ = {
			isa = PBXSourcesBuildPhase;
			buildActionMask = 2147483647;
			files = (
				F470936E1D46001D00BE7525 /* DataSourceTests.swift in Sources */,
				F470936D1D46001D00BE7525 /* ContentLoadingTests.swift in Sources */,
				F47093711D46002800BE7525 /* ContentLoadingStateMachineTests.swift in Sources */,
				F470936F1D46001D00BE7525 /* TableViewDataSourceTests.swift in Sources */,
				F470936A1D46001D00BE7525 /* TestHelpers.swift in Sources */,
			);
			runOnlyForDeploymentPostprocessing = 0;
		};
/* End PBXSourcesBuildPhase section */

/* Begin PBXTargetDependency section */
		F4467D091B63C6A400CDBA9C /* PBXTargetDependency */ = {
			isa = PBXTargetDependency;
			target = F4467CFB1B63C6A400CDBA9C /* DataSource */;
			targetProxy = F4467D081B63C6A400CDBA9C /* PBXContainerItemProxy */;
		};
/* End PBXTargetDependency section */

/* Begin XCBuildConfiguration section */
		F4467D0E1B63C6A400CDBA9C /* Debug */ = {
			isa = XCBuildConfiguration;
			buildSettings = {
				ALWAYS_SEARCH_USER_PATHS = NO;
				CLANG_CXX_LANGUAGE_STANDARD = "gnu++0x";
				CLANG_CXX_LIBRARY = "libc++";
				CLANG_ENABLE_MODULES = YES;
				CLANG_ENABLE_OBJC_ARC = YES;
				CLANG_WARN_BOOL_CONVERSION = YES;
				CLANG_WARN_CONSTANT_CONVERSION = YES;
				CLANG_WARN_DIRECT_OBJC_ISA_USAGE = YES_ERROR;
				CLANG_WARN_EMPTY_BODY = YES;
				CLANG_WARN_ENUM_CONVERSION = YES;
				CLANG_WARN_INT_CONVERSION = YES;
				CLANG_WARN_OBJC_ROOT_CLASS = YES_ERROR;
				CLANG_WARN_UNREACHABLE_CODE = YES;
				CLANG_WARN__DUPLICATE_METHOD_MATCH = YES;
				"CODE_SIGN_IDENTITY[sdk=iphoneos*]" = "iPhone Developer";
				COPY_PHASE_STRIP = NO;
				CURRENT_PROJECT_VERSION = 1;
				DEBUG_INFORMATION_FORMAT = dwarf;
				ENABLE_STRICT_OBJC_MSGSEND = YES;
				ENABLE_TESTABILITY = YES;
				GCC_C_LANGUAGE_STANDARD = gnu99;
				GCC_DYNAMIC_NO_PIC = NO;
				GCC_NO_COMMON_BLOCKS = YES;
				GCC_OPTIMIZATION_LEVEL = 0;
				GCC_PREPROCESSOR_DEFINITIONS = (
					"DEBUG=1",
					"$(inherited)",
				);
				GCC_WARN_64_TO_32_BIT_CONVERSION = YES;
				GCC_WARN_ABOUT_RETURN_TYPE = YES_ERROR;
				GCC_WARN_UNDECLARED_SELECTOR = YES;
				GCC_WARN_UNINITIALIZED_AUTOS = YES_AGGRESSIVE;
				GCC_WARN_UNUSED_FUNCTION = YES;
				GCC_WARN_UNUSED_VARIABLE = YES;
				IPHONEOS_DEPLOYMENT_TARGET = 9.0;
				MTL_ENABLE_DEBUG_INFO = YES;
				ONLY_ACTIVE_ARCH = YES;
				SDKROOT = iphoneos;
				SWIFT_OPTIMIZATION_LEVEL = "-Onone";
				TARGETED_DEVICE_FAMILY = "1,2";
				VERSIONING_SYSTEM = "apple-generic";
				VERSION_INFO_PREFIX = "";
			};
			name = Debug;
		};
		F4467D0F1B63C6A400CDBA9C /* Release */ = {
			isa = XCBuildConfiguration;
			buildSettings = {
				ALWAYS_SEARCH_USER_PATHS = NO;
				CLANG_CXX_LANGUAGE_STANDARD = "gnu++0x";
				CLANG_CXX_LIBRARY = "libc++";
				CLANG_ENABLE_MODULES = YES;
				CLANG_ENABLE_OBJC_ARC = YES;
				CLANG_WARN_BOOL_CONVERSION = YES;
				CLANG_WARN_CONSTANT_CONVERSION = YES;
				CLANG_WARN_DIRECT_OBJC_ISA_USAGE = YES_ERROR;
				CLANG_WARN_EMPTY_BODY = YES;
				CLANG_WARN_ENUM_CONVERSION = YES;
				CLANG_WARN_INT_CONVERSION = YES;
				CLANG_WARN_OBJC_ROOT_CLASS = YES_ERROR;
				CLANG_WARN_UNREACHABLE_CODE = YES;
				CLANG_WARN__DUPLICATE_METHOD_MATCH = YES;
				"CODE_SIGN_IDENTITY[sdk=iphoneos*]" = "iPhone Developer";
				COPY_PHASE_STRIP = NO;
				CURRENT_PROJECT_VERSION = 1;
				DEBUG_INFORMATION_FORMAT = "dwarf-with-dsym";
				ENABLE_NS_ASSERTIONS = NO;
				ENABLE_STRICT_OBJC_MSGSEND = YES;
				GCC_C_LANGUAGE_STANDARD = gnu99;
				GCC_NO_COMMON_BLOCKS = YES;
				GCC_WARN_64_TO_32_BIT_CONVERSION = YES;
				GCC_WARN_ABOUT_RETURN_TYPE = YES_ERROR;
				GCC_WARN_UNDECLARED_SELECTOR = YES;
				GCC_WARN_UNINITIALIZED_AUTOS = YES_AGGRESSIVE;
				GCC_WARN_UNUSED_FUNCTION = YES;
				GCC_WARN_UNUSED_VARIABLE = YES;
				IPHONEOS_DEPLOYMENT_TARGET = 9.0;
				MTL_ENABLE_DEBUG_INFO = NO;
				SDKROOT = iphoneos;
				TARGETED_DEVICE_FAMILY = "1,2";
				VALIDATE_PRODUCT = YES;
				VERSIONING_SYSTEM = "apple-generic";
				VERSION_INFO_PREFIX = "";
			};
			name = Release;
		};
		F4467D111B63C6A400CDBA9C /* Debug */ = {
			isa = XCBuildConfiguration;
			buildSettings = {
				CLANG_ENABLE_MODULES = YES;
				CODE_SIGN_IDENTITY = "iPhone Developer";
				"CODE_SIGN_IDENTITY[sdk=iphoneos*]" = "iPhone Developer";
				DEFINES_MODULE = YES;
				DYLIB_COMPATIBILITY_VERSION = 1;
				DYLIB_CURRENT_VERSION = 1;
				DYLIB_INSTALL_NAME_BASE = "@rpath";
				INFOPLIST_FILE = DataSource/Info.plist;
				INSTALL_PATH = "$(LOCAL_LIBRARY_DIR)/Frameworks";
				IPHONEOS_DEPLOYMENT_TARGET = 8.0;
				LD_RUNPATH_SEARCH_PATHS = "$(inherited) @executable_path/Frameworks @loader_path/Frameworks";
				PRODUCT_BUNDLE_IDENTIFIER = org.danokhin.DataSource;
				PRODUCT_NAME = "$(TARGET_NAME)";
				PROVISIONING_PROFILE = "";
				SKIP_INSTALL = YES;
				SWIFT_OBJC_BRIDGING_HEADER = "DataSource/DataSource-Bridging-Header.h";
				SWIFT_OPTIMIZATION_LEVEL = "-Onone";
				SWIFT_VERSION = 3.0;
			};
			name = Debug;
		};
		F4467D121B63C6A400CDBA9C /* Release */ = {
			isa = XCBuildConfiguration;
			buildSettings = {
				CLANG_ENABLE_MODULES = YES;
				CODE_SIGN_IDENTITY = "iPhone Developer";
				"CODE_SIGN_IDENTITY[sdk=iphoneos*]" = "iPhone Developer";
				DEFINES_MODULE = YES;
				DYLIB_COMPATIBILITY_VERSION = 1;
				DYLIB_CURRENT_VERSION = 1;
				DYLIB_INSTALL_NAME_BASE = "@rpath";
				INFOPLIST_FILE = DataSource/Info.plist;
				INSTALL_PATH = "$(LOCAL_LIBRARY_DIR)/Frameworks";
				IPHONEOS_DEPLOYMENT_TARGET = 8.0;
				LD_RUNPATH_SEARCH_PATHS = "$(inherited) @executable_path/Frameworks @loader_path/Frameworks";
				PRODUCT_BUNDLE_IDENTIFIER = org.danokhin.DataSource;
				PRODUCT_NAME = "$(TARGET_NAME)";
				PROVISIONING_PROFILE = "";
				SKIP_INSTALL = YES;
				SWIFT_OBJC_BRIDGING_HEADER = "DataSource/DataSource-Bridging-Header.h";
				SWIFT_OPTIMIZATION_LEVEL = "-Owholemodule";
				SWIFT_VERSION = 3.0;
			};
			name = Release;
		};
		F4467D141B63C6A400CDBA9C /* Debug */ = {
			isa = XCBuildConfiguration;
			buildSettings = {
				INFOPLIST_FILE = DataSourceTests/Info.plist;
				LD_RUNPATH_SEARCH_PATHS = "$(inherited) @executable_path/Frameworks @loader_path/Frameworks";
				PRODUCT_BUNDLE_IDENTIFIER = org.danokhin.DataSourceTests;
				PRODUCT_NAME = "$(TARGET_NAME)";
				SWIFT_VERSION = 3.0;
			};
			name = Debug;
		};
		F4467D151B63C6A400CDBA9C /* Release */ = {
			isa = XCBuildConfiguration;
			buildSettings = {
				INFOPLIST_FILE = DataSourceTests/Info.plist;
				LD_RUNPATH_SEARCH_PATHS = "$(inherited) @executable_path/Frameworks @loader_path/Frameworks";
				PRODUCT_BUNDLE_IDENTIFIER = org.danokhin.DataSourceTests;
				PRODUCT_NAME = "$(TARGET_NAME)";
				SWIFT_OPTIMIZATION_LEVEL = "-Owholemodule";
				SWIFT_VERSION = 3.0;
			};
			name = Release;
		};
/* End XCBuildConfiguration section */

/* Begin XCConfigurationList section */
		F4467CF61B63C6A400CDBA9C /* Build configuration list for PBXProject "DataSource" */ = {
			isa = XCConfigurationList;
			buildConfigurations = (
				F4467D0E1B63C6A400CDBA9C /* Debug */,
				F4467D0F1B63C6A400CDBA9C /* Release */,
			);
			defaultConfigurationIsVisible = 0;
			defaultConfigurationName = Release;
		};
		F4467D101B63C6A400CDBA9C /* Build configuration list for PBXNativeTarget "DataSource" */ = {
			isa = XCConfigurationList;
			buildConfigurations = (
				F4467D111B63C6A400CDBA9C /* Debug */,
				F4467D121B63C6A400CDBA9C /* Release */,
			);
			defaultConfigurationIsVisible = 0;
			defaultConfigurationName = Release;
		};
		F4467D131B63C6A400CDBA9C /* Build configuration list for PBXNativeTarget "DataSourceTests" */ = {
			isa = XCConfigurationList;
			buildConfigurations = (
				F4467D141B63C6A400CDBA9C /* Debug */,
				F4467D151B63C6A400CDBA9C /* Release */,
			);
			defaultConfigurationIsVisible = 0;
			defaultConfigurationName = Release;
		};
/* End XCConfigurationList section */
	};
	rootObject = F4467CF31B63C6A400CDBA9C /* Project object */;
}
